
Microsoft Visual Studio Solution File, Format Version 9.00
# Visual Studio 2005
Project("{8BC9CEB8-8B4A-11D0-8D11-00A0C91BC942}") = "LeetCode", "LeetCode\LeetCode.vcproj", "{CE479BF6-74D3-4D05-B599-4824328BADFA}"
EndProject
Project("{8BC9CEB8-8B4A-11D0-8D11-00A0C91BC942}") = "Binary_Tree_Maximum_Path_Sum", "Binary_Tree_Maximum_Path_Sum\Binary_Tree_Maximum_Path_Sum.vcproj", "{C4293C46-D78A-4E61-9E4C-C3AF0BC8141A}"
EndProject
Project("{8BC9CEB8-8B4A-11D0-8D11-00A0C91BC942}") = "Best_Time_to_Buy-and-Sell_Stock", "Best_Time_to_Buy-and-Sell_Stock\Best_Time_to_Buy-and-Sell_Stock.vcproj", "{9BAF35D0-2378-4050-898B-57CDCDD4A4B2}"
EndProject
Project("{8BC9CEB8-8B4A-11D0-8D11-00A0C91BC942}") = "Best Time to Buy and Sell Stock II", "Best Time to Buy and Sell Stock II\Best Time to Buy and Sell Stock II.vcproj", "{EB56EA2F-B65E-461E-9C51-DC3FE643D5D3}"
EndProject
Project("{8BC9CEB8-8B4A-11D0-8D11-00A0C91BC942}") = "Best_Time_to_Buy_and_Sell_Stock_III", "Best_Time_to_Buy_and_Sell_Stock_III\Best_Time_to_Buy_and_Sell_Stock_III.vcproj", "{4FB4E50A-E676-4843-AD92-D257FCDBA712}"
EndProject
Project("{8BC9CEB8-8B4A-11D0-8D11-00A0C91BC942}") = "Triangle", "Triangle\Triangle.vcproj", "{11E99B10-65C0-46D7-A0DC-66E23BA0D757}"
EndProject
Project("{8BC9CEB8-8B4A-11D0-8D11-00A0C91BC942}") = "Pascal's_Triangle", "Pascal's_Triangle\Pascal's_Triangle.vcproj", "{570287B4-2C7F-4E32-B04A-B2CA65649543}"
EndProject
Project("{8BC9CEB8-8B4A-11D0-8D11-00A0C91BC942}") = "Pascal's_Triangle_II", "Pascal's_Triangle_II\Pascal's_Triangle_II.vcproj", "{3A1C88FB-F303-4B07-A1BB-775070D2C277}"
EndProject
Project("{8BC9CEB8-8B4A-11D0-8D11-00A0C91BC942}") = "Distinct_Subsequences", "Distinct_Subsequences\Distinct_Subsequences.vcproj", "{60C8AAE8-F9C2-4856-85AA-9A6A71A0FEC3}"
EndProject
Project("{8BC9CEB8-8B4A-11D0-8D11-00A0C91BC942}") = "Flatten_Binary_Tree_to_Linked_List", "Flatten_Binary_Tree_to_Linked_List\Flatten_Binary_Tree_to_Linked_List.vcproj", "{72F7565E-92F1-4CDB-9A00-AF7E9212D6CC}"
EndProject
Project("{8BC9CEB8-8B4A-11D0-8D11-00A0C91BC942}") = "Path_Sum", "Path_Sum\Path_Sum.vcproj", "{52499B62-FAE6-4C5C-BFCE-F751641D38C3}"
EndProject
Project("{8BC9CEB8-8B4A-11D0-8D11-00A0C91BC942}") = "Path_Sum_II", "Path_Sum_II\Path_Sum_II.vcproj", "{FC7C9636-01D4-43FC-ABC0-6B7211E4A017}"
EndProject
Project("{8BC9CEB8-8B4A-11D0-8D11-00A0C91BC942}") = "Minimum_Depth_of_Binary_Tree", "Minimum_Depth_of_Binary_Tree\Minimum_Depth_of_Binary_Tree.vcproj", "{EAC7BC78-A719-4855-8307-AF029EDE0A20}"
EndProject
Project("{8BC9CEB8-8B4A-11D0-8D11-00A0C91BC942}") = "Balanced_Binary_Tree", "Balanced_Binary_Tree\Balanced_Binary_Tree.vcproj", "{4BC10254-DEB9-4C92-B9E7-CE2A7E7EDE8A}"
EndProject
Project("{8BC9CEB8-8B4A-11D0-8D11-00A0C91BC942}") = "Convert_Sorted_List_to_Binary_Search_Tree", "Convert_Sorted_List_to_Binary_Search_Tree\Convert_Sorted_List_to_Binary_Search_Tree.vcproj", "{9397C27A-65EC-4412-BBA9-70A9D91CACED}"
EndProject
Project("{8BC9CEB8-8B4A-11D0-8D11-00A0C91BC942}") = "Convert_Sorted_Array_to_Binary_Search_Tree", "Convert_Sorted_Array_to_Binary_Search_Tree\Convert_Sorted_Array_to_Binary_Search_Tree.vcproj", "{8F836685-10E5-4F0A-A935-D01E8DF581BC}"
EndProject
Project("{8BC9CEB8-8B4A-11D0-8D11-00A0C91BC942}") = "Binary_Tree_Level_Order_Traversal_II", "Binary_Tree_Level_Order_Traversal_II\Binary_Tree_Level_Order_Traversal_II.vcproj", "{B8385D5A-F83B-47B8-A679-E7C31729E43A}"
EndProject
Project("{8BC9CEB8-8B4A-11D0-8D11-00A0C91BC942}") = "Construct_Binary_Tree_from_Inorder_and_Postorder_Traversal", "Construct_Binary_Tree_from_Inorder_and_Postorder_Traversal\Construct_Binary_Tree_from_Inorder_and_Postorder_Traversal.vcproj", "{BE363353-6735-491E-82F7-7DDA6EF24AF9}"
EndProject
Project("{8BC9CEB8-8B4A-11D0-8D11-00A0C91BC942}") = "Construct_Binary_Tree_from_Preorder_and_Inorder_Traversal", "Construct_Binary_Tree_from_Preorder_and_Inorder_Traversal\Construct_Binary_Tree_from_Preorder_and_Inorder_Traversal.vcproj", "{22DB854E-B726-4E1D-8D7E-B752E32FDC48}"
EndProject
Project("{8BC9CEB8-8B4A-11D0-8D11-00A0C91BC942}") = "Maximum_Depth_of_Binary_Tree", "Maximum_Depth_of_Binary_Tree\Maximum_Depth_of_Binary_Tree.vcproj", "{F3403C9A-F4FD-4C52-9FE3-6BBF0EF8077E}"
EndProject
Project("{8BC9CEB8-8B4A-11D0-8D11-00A0C91BC942}") = "Binary_Tree_Zigzag_Level_Order_Traversal", "Binary_Tree_Zigzag_Level_Order_Traversal\Binary_Tree_Zigzag_Level_Order_Traversal.vcproj", "{DC6F4E97-A06D-4A68-9234-E0C3BDF1E30F}"
EndProject
Project("{8BC9CEB8-8B4A-11D0-8D11-00A0C91BC942}") = "Binary_Tree_Level_Order_Traversal", "Binary_Tree_Level_Order_Traversal\Binary_Tree_Level_Order_Traversal.vcproj", "{6AE8FE10-21DA-462B-A40F-586EC1F43184}"
EndProject
Project("{8BC9CEB8-8B4A-11D0-8D11-00A0C91BC942}") = "Symmetric_Tree", "Symmetric_Tree\Symmetric_Tree.vcproj", "{9B5AC612-6768-4383-840A-3E3B23494423}"
EndProject
Project("{8BC9CEB8-8B4A-11D0-8D11-00A0C91BC942}") = "Same_Tree", "Same_Tree\Same_Tree.vcproj", "{C7A65A76-C540-41E7-9C00-CDDEF71BA8E5}"
EndProject
Project("{8BC9CEB8-8B4A-11D0-8D11-00A0C91BC942}") = "Recover_Binary_Search_Tree", "Recover_Binary_Search_Tree\Recover_Binary_Search_Tree.vcproj", "{86717A30-FEE6-4A68-953A-621245BEE674}"
EndProject
Project("{8BC9CEB8-8B4A-11D0-8D11-00A0C91BC942}") = "Validate_Binary_Search_Tree", "Validate_Binary_Search_Tree\Validate_Binary_Search_Tree.vcproj", "{24710E82-F65D-4753-96BB-77E12F51A74F}"
EndProject
Project("{8BC9CEB8-8B4A-11D0-8D11-00A0C91BC942}") = "Interleaving_String", "Interleaving_String\Interleaving_String.vcproj", "{917AF1FD-5C06-4C97-80B2-04DCAC4BB9FB}"
EndProject
Project("{8BC9CEB8-8B4A-11D0-8D11-00A0C91BC942}") = "Unique_Binary_Search_Trees_II", "Unique_Binary_Search_Trees_II\Unique_Binary_Search_Trees_II.vcproj", "{C4FA3DAD-03E2-4266-9D95-F8B5928665FA}"
EndProject
Project("{8BC9CEB8-8B4A-11D0-8D11-00A0C91BC942}") = "Unique_Binary_Search_Trees", "Unique_Binary_Search_Trees\Unique_Binary_Search_Trees.vcproj", "{0ABA78B3-AF3F-4BE8-90BB-F98A78445067}"
EndProject
Project("{8BC9CEB8-8B4A-11D0-8D11-00A0C91BC942}") = "Binary_Tree_Inorder_Traversal", "Binary_Tree_Inorder_Traversal\Binary_Tree_Inorder_Traversal.vcproj", "{A4F3C014-E0B2-466E-8D4F-D547C77EF157}"
EndProject
Project("{8BC9CEB8-8B4A-11D0-8D11-00A0C91BC942}") = "Restore_IP_Addresses", "Restore_IP_Addresses\Restore_IP_Addresses.vcproj", "{C3DCB2D1-92B4-4AFD-88F8-791444F9A156}"
EndProject
Project("{8BC9CEB8-8B4A-11D0-8D11-00A0C91BC942}") = "Reverse_Linked_List_II", "Reverse_Linked_List_II\Reverse_Linked_List_II.vcproj", "{A06643BB-1744-4944-BF1B-93EE6A38BF02}"
EndProject
Project("{8BC9CEB8-8B4A-11D0-8D11-00A0C91BC942}") = "Subsets_II", "Subsets_II\Subsets_II.vcproj", "{98E74351-BA83-4648-9A1D-054E0AD8FE71}"
EndProject
Project("{8BC9CEB8-8B4A-11D0-8D11-00A0C91BC942}") = "Decode_Ways", "Decode_Ways\Decode_Ways.vcproj", "{F7220E4D-E757-49B4-81E6-6F9141817B36}"
EndProject
Project("{8BC9CEB8-8B4A-11D0-8D11-00A0C91BC942}") = "Gray_Code", "Gray_Code\Gray_Code.vcproj", "{E6623FAC-7100-43D4-ADF8-02F65874A144}"
EndProject
Project("{8BC9CEB8-8B4A-11D0-8D11-00A0C91BC942}") = "Merge_Sorted_Array", "Merge_Sorted_Array\Merge_Sorted_Array.vcproj", "{4E821A31-2F59-45C7-B29C-6B08161D443D}"
EndProject
Project("{8BC9CEB8-8B4A-11D0-8D11-00A0C91BC942}") = "Scramble_String", "Scramble_String\Scramble_String.vcproj", "{740FD8B6-8B4D-4DE4-ABDB-9E6220A15916}"
EndProject
Project("{8BC9CEB8-8B4A-11D0-8D11-00A0C91BC942}") = "Partition_List", "Partition_List\Partition_List.vcproj", "{F5C90DBD-B976-48EA-ABD6-F0CFB1E97DEB}"
EndProject
Project("{8BC9CEB8-8B4A-11D0-8D11-00A0C91BC942}") = "Maximal_Rectangle", "Maximal_Rectangle\Maximal_Rectangle.vcproj", "{64DA8287-F81B-4830-909A-2DECD60B41B3}"
EndProject
Project("{8BC9CEB8-8B4A-11D0-8D11-00A0C91BC942}") = "Largest_Rectangle_in_Histogram", "Largest_Rectangle_in_Histogram\Largest_Rectangle_in_Histogram.vcproj", "{E6620BD8-841C-4242-BDEB-3ED21274E810}"
EndProject
Project("{8BC9CEB8-8B4A-11D0-8D11-00A0C91BC942}") = "Remove_Duplicates_from_Sorted_List", "Remove_Duplicates_from_Sorted_List\Remove_Duplicates_from_Sorted_List.vcproj", "{6D787EA0-2240-44F7-8C5C-D186574FE299}"
EndProject
Project("{8BC9CEB8-8B4A-11D0-8D11-00A0C91BC942}") = "Remove_Duplicates_from_Sorted_List_II", "Remove_Duplicates_from_Sorted_List_II\Remove_Duplicates_from_Sorted_List_II.vcproj", "{901B2B2F-F5E7-4C0A-88C6-C9F11AB3FD24}"
EndProject
Project("{8BC9CEB8-8B4A-11D0-8D11-00A0C91BC942}") = "Search_in_Rotated_Sorted_Array", "Search_in_Rotated_Sorted_Array\Search_in_Rotated_Sorted_Array.vcproj", "{D902791F-6775-447D-937B-BE5E045B82DD}"
EndProject
Project("{8BC9CEB8-8B4A-11D0-8D11-00A0C91BC942}") = "Search_in_Rotated_Sorted_Array_II", "Search_in_Rotated_Sorted_Array_II\Search_in_Rotated_Sorted_Array_II.vcproj", "{C220C512-9FA0-44CC-96AE-40A4BDBC529E}"
EndProject
Project("{8BC9CEB8-8B4A-11D0-8D11-00A0C91BC942}") = "Remove_Duplicates_from_Sorted_Array", "Remove_Duplicates_from_Sorted_Array\Remove_Duplicates_from_Sorted_Array.vcproj", "{5E99AD34-C1BF-4344-8896-26833537960E}"
EndProject
Project("{8BC9CEB8-8B4A-11D0-8D11-00A0C91BC942}") = "Remove_Duplicates_from_Sorted_Array_II", "Remove_Duplicates_from_Sorted_Array_II\Remove_Duplicates_from_Sorted_Array_II.vcproj", "{609AF270-2864-41F6-9B84-2FB83254FF38}"
EndProject
Project("{8BC9CEB8-8B4A-11D0-8D11-00A0C91BC942}") = "Word_Search", "Word_Search\Word_Search.vcproj", "{1B40F31F-F382-4255-BC0D-B22438FB783B}"
EndProject
Project("{8BC9CEB8-8B4A-11D0-8D11-00A0C91BC942}") = "Subsets", "Subsets\Subsets.vcproj", "{D06B3EF5-C4E7-40B7-8BA7-7414AB9FC225}"
EndProject
Project("{8BC9CEB8-8B4A-11D0-8D11-00A0C91BC942}") = "Combinations", "Combinations\Combinations.vcproj", "{B8D4B0CF-35EB-4AB2-AB8D-4E0AAC9FC3DF}"
EndProject
Project("{8BC9CEB8-8B4A-11D0-8D11-00A0C91BC942}") = "Minimum_Window_Substring", "Minimum_Window_Substring\Minimum_Window_Substring.vcproj", "{17FFE111-0A2F-4DC9-8F40-2DB3EC6E310C}"
EndProject
Project("{8BC9CEB8-8B4A-11D0-8D11-00A0C91BC942}") = "Sort_Colors", "Sort_Colors\Sort_Colors.vcproj", "{7DCC9CD6-F71F-40DF-9E01-DE95420D79E5}"
EndProject
Project("{8BC9CEB8-8B4A-11D0-8D11-00A0C91BC942}") = "Search_a_2D_Matrix", "Search_a_2D_Matrix\Search_a_2D_Matrix.vcproj", "{5DBCA463-3FC0-421A-A8B3-89DE720622BF}"
EndProject
Project("{8BC9CEB8-8B4A-11D0-8D11-00A0C91BC942}") = "Set_Matrix_Zeroes", "Set_Matrix_Zeroes\Set_Matrix_Zeroes.vcproj", "{1094F4CD-AAC5-4617-BBCE-C3D86D360F7C}"
EndProject
Project("{8BC9CEB8-8B4A-11D0-8D11-00A0C91BC942}") = "Edit_Distance", "Edit_Distance\Edit_Distance.vcproj", "{0BC3B398-CC59-427B-AF39-51D04A1272E4}"
EndProject
Project("{8BC9CEB8-8B4A-11D0-8D11-00A0C91BC942}") = "Simplify_Path", "Simplify_Path\Simplify_Path.vcproj", "{825D538E-7B1F-4409-801A-5729FC955B4B}"
EndProject
Project("{8BC9CEB8-8B4A-11D0-8D11-00A0C91BC942}") = "Climbing_Stairs", "Climbing_Stairs\Climbing_Stairs.vcproj", "{E8FA0055-FF95-4632-8C38-5FA72C08A3B5}"
EndProject
Project("{8BC9CEB8-8B4A-11D0-8D11-00A0C91BC942}") = "Sqrt(x)", "Sqrt(x)\Sqrt(x).vcproj", "{F92C519C-BB83-4AEA-BAD3-1410D63B33DE}"
EndProject
Project("{8BC9CEB8-8B4A-11D0-8D11-00A0C91BC942}") = "Text_Justification", "Text_Justification\Text_Justification.vcproj", "{F2175CB6-A66F-47E8-A176-4A32D0AC757C}"
EndProject
Project("{8BC9CEB8-8B4A-11D0-8D11-00A0C91BC942}") = "Plus_One", "Plus_One\Plus_One.vcproj", "{C41D2048-0667-4895-8AFF-130D6687F846}"
EndProject
Project("{8BC9CEB8-8B4A-11D0-8D11-00A0C91BC942}") = "Valid_Number", "Valid_Number\Valid_Number.vcproj", "{7FC915C9-8D33-48A1-A35A-13FDA68A6A56}"
EndProject
Project("{8BC9CEB8-8B4A-11D0-8D11-00A0C91BC942}") = "Add_Binary", "Add_Binary\Add_Binary.vcproj", "{618D1FA0-09C8-47E1-9C1A-F2562CDBB9F3}"
EndProject
Project("{8BC9CEB8-8B4A-11D0-8D11-00A0C91BC942}") = "Merge_Two_Sorted_Lists", "Merge_Two_Sorted_Lists\Merge_Two_Sorted_Lists.vcproj", "{997E90B8-C6F7-4611-8F2E-ED5246282B06}"
EndProject
Project("{8BC9CEB8-8B4A-11D0-8D11-00A0C91BC942}") = "Minimum_Path_Sum", "Minimum_Path_Sum\Minimum_Path_Sum.vcproj", "{1AC83620-0052-4253-8763-81D64AAC8F0E}"
EndProject
Project("{8BC9CEB8-8B4A-11D0-8D11-00A0C91BC942}") = "Unique_Paths", "Unique_Paths\Unique_Paths.vcproj", "{5EC57A5D-AC30-47EC-836D-CD7554467F15}"
EndProject
Project("{8BC9CEB8-8B4A-11D0-8D11-00A0C91BC942}") = "Unique_Paths_II", "Unique_Paths_II\Unique_Paths_II.vcproj", "{EA719563-A457-4FBE-A9A7-080924F3E459}"
EndProject
Project("{8BC9CEB8-8B4A-11D0-8D11-00A0C91BC942}") = "Rotate_List", "Rotate_List\Rotate_List.vcproj", "{1FF2171F-20D2-462D-A76E-066751B735F7}"
EndProject
Project("{8BC9CEB8-8B4A-11D0-8D11-00A0C91BC942}") = "Permutation_Sequence", "Permutation_Sequence\Permutation_Sequence.vcproj", "{B819CFA2-6F29-477D-BF03-72A5DBAF8EB9}"
EndProject
Project("{8BC9CEB8-8B4A-11D0-8D11-00A0C91BC942}") = "Spiral_Matrix_II", "Spiral_Matrix_II\Spiral_Matrix_II.vcproj", "{3DE1A056-1004-46C7-8B4C-8F33DC9F8834}"
EndProject
Project("{8BC9CEB8-8B4A-11D0-8D11-00A0C91BC942}") = "Length_of_Last_Word", "Length_of_Last_Word\Length_of_Last_Word.vcproj", "{1FE2628B-9516-4232-97A1-36F8B88A2249}"
EndProject
Project("{8BC9CEB8-8B4A-11D0-8D11-00A0C91BC942}") = "Insert_Interval", "Insert_Interval\Insert_Interval.vcproj", "{7B98047B-A536-4202-8AC6-DA0224B2DFF5}"
EndProject
Global
	GlobalSection(SolutionConfigurationPlatforms) = preSolution
		Debug|Win32 = Debug|Win32
		Release|Win32 = Release|Win32
	EndGlobalSection
	GlobalSection(ProjectConfigurationPlatforms) = postSolution
		{CE479BF6-74D3-4D05-B599-4824328BADFA}.Debug|Win32.ActiveCfg = Debug|Win32
		{CE479BF6-74D3-4D05-B599-4824328BADFA}.Debug|Win32.Build.0 = Debug|Win32
		{CE479BF6-74D3-4D05-B599-4824328BADFA}.Release|Win32.ActiveCfg = Release|Win32
		{CE479BF6-74D3-4D05-B599-4824328BADFA}.Release|Win32.Build.0 = Release|Win32
		{C4293C46-D78A-4E61-9E4C-C3AF0BC8141A}.Debug|Win32.ActiveCfg = Debug|Win32
		{C4293C46-D78A-4E61-9E4C-C3AF0BC8141A}.Debug|Win32.Build.0 = Debug|Win32
		{C4293C46-D78A-4E61-9E4C-C3AF0BC8141A}.Release|Win32.ActiveCfg = Release|Win32
		{C4293C46-D78A-4E61-9E4C-C3AF0BC8141A}.Release|Win32.Build.0 = Release|Win32
		{9BAF35D0-2378-4050-898B-57CDCDD4A4B2}.Debug|Win32.ActiveCfg = Debug|Win32
		{9BAF35D0-2378-4050-898B-57CDCDD4A4B2}.Debug|Win32.Build.0 = Debug|Win32
		{9BAF35D0-2378-4050-898B-57CDCDD4A4B2}.Release|Win32.ActiveCfg = Release|Win32
		{9BAF35D0-2378-4050-898B-57CDCDD4A4B2}.Release|Win32.Build.0 = Release|Win32
		{EB56EA2F-B65E-461E-9C51-DC3FE643D5D3}.Debug|Win32.ActiveCfg = Debug|Win32
		{EB56EA2F-B65E-461E-9C51-DC3FE643D5D3}.Debug|Win32.Build.0 = Debug|Win32
		{EB56EA2F-B65E-461E-9C51-DC3FE643D5D3}.Release|Win32.ActiveCfg = Release|Win32
		{EB56EA2F-B65E-461E-9C51-DC3FE643D5D3}.Release|Win32.Build.0 = Release|Win32
		{4FB4E50A-E676-4843-AD92-D257FCDBA712}.Debug|Win32.ActiveCfg = Debug|Win32
		{4FB4E50A-E676-4843-AD92-D257FCDBA712}.Debug|Win32.Build.0 = Debug|Win32
		{4FB4E50A-E676-4843-AD92-D257FCDBA712}.Release|Win32.ActiveCfg = Release|Win32
		{4FB4E50A-E676-4843-AD92-D257FCDBA712}.Release|Win32.Build.0 = Release|Win32
		{11E99B10-65C0-46D7-A0DC-66E23BA0D757}.Debug|Win32.ActiveCfg = Debug|Win32
		{11E99B10-65C0-46D7-A0DC-66E23BA0D757}.Debug|Win32.Build.0 = Debug|Win32
		{11E99B10-65C0-46D7-A0DC-66E23BA0D757}.Release|Win32.ActiveCfg = Release|Win32
		{11E99B10-65C0-46D7-A0DC-66E23BA0D757}.Release|Win32.Build.0 = Release|Win32
		{570287B4-2C7F-4E32-B04A-B2CA65649543}.Debug|Win32.ActiveCfg = Debug|Win32
		{570287B4-2C7F-4E32-B04A-B2CA65649543}.Debug|Win32.Build.0 = Debug|Win32
		{570287B4-2C7F-4E32-B04A-B2CA65649543}.Release|Win32.ActiveCfg = Release|Win32
		{570287B4-2C7F-4E32-B04A-B2CA65649543}.Release|Win32.Build.0 = Release|Win32
		{3A1C88FB-F303-4B07-A1BB-775070D2C277}.Debug|Win32.ActiveCfg = Debug|Win32
		{3A1C88FB-F303-4B07-A1BB-775070D2C277}.Debug|Win32.Build.0 = Debug|Win32
		{3A1C88FB-F303-4B07-A1BB-775070D2C277}.Release|Win32.ActiveCfg = Release|Win32
		{3A1C88FB-F303-4B07-A1BB-775070D2C277}.Release|Win32.Build.0 = Release|Win32
		{60C8AAE8-F9C2-4856-85AA-9A6A71A0FEC3}.Debug|Win32.ActiveCfg = Debug|Win32
		{60C8AAE8-F9C2-4856-85AA-9A6A71A0FEC3}.Debug|Win32.Build.0 = Debug|Win32
		{60C8AAE8-F9C2-4856-85AA-9A6A71A0FEC3}.Release|Win32.ActiveCfg = Release|Win32
		{60C8AAE8-F9C2-4856-85AA-9A6A71A0FEC3}.Release|Win32.Build.0 = Release|Win32
		{72F7565E-92F1-4CDB-9A00-AF7E9212D6CC}.Debug|Win32.ActiveCfg = Debug|Win32
		{72F7565E-92F1-4CDB-9A00-AF7E9212D6CC}.Debug|Win32.Build.0 = Debug|Win32
		{72F7565E-92F1-4CDB-9A00-AF7E9212D6CC}.Release|Win32.ActiveCfg = Release|Win32
		{72F7565E-92F1-4CDB-9A00-AF7E9212D6CC}.Release|Win32.Build.0 = Release|Win32
		{52499B62-FAE6-4C5C-BFCE-F751641D38C3}.Debug|Win32.ActiveCfg = Debug|Win32
		{52499B62-FAE6-4C5C-BFCE-F751641D38C3}.Debug|Win32.Build.0 = Debug|Win32
		{52499B62-FAE6-4C5C-BFCE-F751641D38C3}.Release|Win32.ActiveCfg = Release|Win32
		{52499B62-FAE6-4C5C-BFCE-F751641D38C3}.Release|Win32.Build.0 = Release|Win32
		{FC7C9636-01D4-43FC-ABC0-6B7211E4A017}.Debug|Win32.ActiveCfg = Debug|Win32
		{FC7C9636-01D4-43FC-ABC0-6B7211E4A017}.Debug|Win32.Build.0 = Debug|Win32
		{FC7C9636-01D4-43FC-ABC0-6B7211E4A017}.Release|Win32.ActiveCfg = Release|Win32
		{FC7C9636-01D4-43FC-ABC0-6B7211E4A017}.Release|Win32.Build.0 = Release|Win32
		{EAC7BC78-A719-4855-8307-AF029EDE0A20}.Debug|Win32.ActiveCfg = Debug|Win32
		{EAC7BC78-A719-4855-8307-AF029EDE0A20}.Debug|Win32.Build.0 = Debug|Win32
		{EAC7BC78-A719-4855-8307-AF029EDE0A20}.Release|Win32.ActiveCfg = Release|Win32
		{EAC7BC78-A719-4855-8307-AF029EDE0A20}.Release|Win32.Build.0 = Release|Win32
		{4BC10254-DEB9-4C92-B9E7-CE2A7E7EDE8A}.Debug|Win32.ActiveCfg = Debug|Win32
		{4BC10254-DEB9-4C92-B9E7-CE2A7E7EDE8A}.Debug|Win32.Build.0 = Debug|Win32
		{4BC10254-DEB9-4C92-B9E7-CE2A7E7EDE8A}.Release|Win32.ActiveCfg = Release|Win32
		{4BC10254-DEB9-4C92-B9E7-CE2A7E7EDE8A}.Release|Win32.Build.0 = Release|Win32
		{9397C27A-65EC-4412-BBA9-70A9D91CACED}.Debug|Win32.ActiveCfg = Debug|Win32
		{9397C27A-65EC-4412-BBA9-70A9D91CACED}.Debug|Win32.Build.0 = Debug|Win32
		{9397C27A-65EC-4412-BBA9-70A9D91CACED}.Release|Win32.ActiveCfg = Release|Win32
		{9397C27A-65EC-4412-BBA9-70A9D91CACED}.Release|Win32.Build.0 = Release|Win32
		{8F836685-10E5-4F0A-A935-D01E8DF581BC}.Debug|Win32.ActiveCfg = Debug|Win32
		{8F836685-10E5-4F0A-A935-D01E8DF581BC}.Debug|Win32.Build.0 = Debug|Win32
		{8F836685-10E5-4F0A-A935-D01E8DF581BC}.Release|Win32.ActiveCfg = Release|Win32
		{8F836685-10E5-4F0A-A935-D01E8DF581BC}.Release|Win32.Build.0 = Release|Win32
		{B8385D5A-F83B-47B8-A679-E7C31729E43A}.Debug|Win32.ActiveCfg = Debug|Win32
		{B8385D5A-F83B-47B8-A679-E7C31729E43A}.Debug|Win32.Build.0 = Debug|Win32
		{B8385D5A-F83B-47B8-A679-E7C31729E43A}.Release|Win32.ActiveCfg = Release|Win32
		{B8385D5A-F83B-47B8-A679-E7C31729E43A}.Release|Win32.Build.0 = Release|Win32
		{BE363353-6735-491E-82F7-7DDA6EF24AF9}.Debug|Win32.ActiveCfg = Debug|Win32
		{BE363353-6735-491E-82F7-7DDA6EF24AF9}.Debug|Win32.Build.0 = Debug|Win32
		{BE363353-6735-491E-82F7-7DDA6EF24AF9}.Release|Win32.ActiveCfg = Release|Win32
		{BE363353-6735-491E-82F7-7DDA6EF24AF9}.Release|Win32.Build.0 = Release|Win32
		{22DB854E-B726-4E1D-8D7E-B752E32FDC48}.Debug|Win32.ActiveCfg = Debug|Win32
		{22DB854E-B726-4E1D-8D7E-B752E32FDC48}.Debug|Win32.Build.0 = Debug|Win32
		{22DB854E-B726-4E1D-8D7E-B752E32FDC48}.Release|Win32.ActiveCfg = Release|Win32
		{22DB854E-B726-4E1D-8D7E-B752E32FDC48}.Release|Win32.Build.0 = Release|Win32
		{F3403C9A-F4FD-4C52-9FE3-6BBF0EF8077E}.Debug|Win32.ActiveCfg = Debug|Win32
		{F3403C9A-F4FD-4C52-9FE3-6BBF0EF8077E}.Debug|Win32.Build.0 = Debug|Win32
		{F3403C9A-F4FD-4C52-9FE3-6BBF0EF8077E}.Release|Win32.ActiveCfg = Release|Win32
		{F3403C9A-F4FD-4C52-9FE3-6BBF0EF8077E}.Release|Win32.Build.0 = Release|Win32
		{DC6F4E97-A06D-4A68-9234-E0C3BDF1E30F}.Debug|Win32.ActiveCfg = Debug|Win32
		{DC6F4E97-A06D-4A68-9234-E0C3BDF1E30F}.Debug|Win32.Build.0 = Debug|Win32
		{DC6F4E97-A06D-4A68-9234-E0C3BDF1E30F}.Release|Win32.ActiveCfg = Release|Win32
		{DC6F4E97-A06D-4A68-9234-E0C3BDF1E30F}.Release|Win32.Build.0 = Release|Win32
		{6AE8FE10-21DA-462B-A40F-586EC1F43184}.Debug|Win32.ActiveCfg = Debug|Win32
		{6AE8FE10-21DA-462B-A40F-586EC1F43184}.Debug|Win32.Build.0 = Debug|Win32
		{6AE8FE10-21DA-462B-A40F-586EC1F43184}.Release|Win32.ActiveCfg = Release|Win32
		{6AE8FE10-21DA-462B-A40F-586EC1F43184}.Release|Win32.Build.0 = Release|Win32
		{9B5AC612-6768-4383-840A-3E3B23494423}.Debug|Win32.ActiveCfg = Debug|Win32
		{9B5AC612-6768-4383-840A-3E3B23494423}.Debug|Win32.Build.0 = Debug|Win32
		{9B5AC612-6768-4383-840A-3E3B23494423}.Release|Win32.ActiveCfg = Release|Win32
		{9B5AC612-6768-4383-840A-3E3B23494423}.Release|Win32.Build.0 = Release|Win32
		{C7A65A76-C540-41E7-9C00-CDDEF71BA8E5}.Debug|Win32.ActiveCfg = Debug|Win32
		{C7A65A76-C540-41E7-9C00-CDDEF71BA8E5}.Debug|Win32.Build.0 = Debug|Win32
		{C7A65A76-C540-41E7-9C00-CDDEF71BA8E5}.Release|Win32.ActiveCfg = Release|Win32
		{C7A65A76-C540-41E7-9C00-CDDEF71BA8E5}.Release|Win32.Build.0 = Release|Win32
		{86717A30-FEE6-4A68-953A-621245BEE674}.Debug|Win32.ActiveCfg = Debug|Win32
		{86717A30-FEE6-4A68-953A-621245BEE674}.Debug|Win32.Build.0 = Debug|Win32
		{86717A30-FEE6-4A68-953A-621245BEE674}.Release|Win32.ActiveCfg = Release|Win32
		{86717A30-FEE6-4A68-953A-621245BEE674}.Release|Win32.Build.0 = Release|Win32
		{24710E82-F65D-4753-96BB-77E12F51A74F}.Debug|Win32.ActiveCfg = Debug|Win32
		{24710E82-F65D-4753-96BB-77E12F51A74F}.Debug|Win32.Build.0 = Debug|Win32
		{24710E82-F65D-4753-96BB-77E12F51A74F}.Release|Win32.ActiveCfg = Release|Win32
		{24710E82-F65D-4753-96BB-77E12F51A74F}.Release|Win32.Build.0 = Release|Win32
		{917AF1FD-5C06-4C97-80B2-04DCAC4BB9FB}.Debug|Win32.ActiveCfg = Debug|Win32
		{917AF1FD-5C06-4C97-80B2-04DCAC4BB9FB}.Debug|Win32.Build.0 = Debug|Win32
		{917AF1FD-5C06-4C97-80B2-04DCAC4BB9FB}.Release|Win32.ActiveCfg = Release|Win32
		{917AF1FD-5C06-4C97-80B2-04DCAC4BB9FB}.Release|Win32.Build.0 = Release|Win32
		{C4FA3DAD-03E2-4266-9D95-F8B5928665FA}.Debug|Win32.ActiveCfg = Debug|Win32
		{C4FA3DAD-03E2-4266-9D95-F8B5928665FA}.Debug|Win32.Build.0 = Debug|Win32
		{C4FA3DAD-03E2-4266-9D95-F8B5928665FA}.Release|Win32.ActiveCfg = Release|Win32
		{C4FA3DAD-03E2-4266-9D95-F8B5928665FA}.Release|Win32.Build.0 = Release|Win32
		{0ABA78B3-AF3F-4BE8-90BB-F98A78445067}.Debug|Win32.ActiveCfg = Debug|Win32
		{0ABA78B3-AF3F-4BE8-90BB-F98A78445067}.Debug|Win32.Build.0 = Debug|Win32
		{0ABA78B3-AF3F-4BE8-90BB-F98A78445067}.Release|Win32.ActiveCfg = Release|Win32
		{0ABA78B3-AF3F-4BE8-90BB-F98A78445067}.Release|Win32.Build.0 = Release|Win32
		{A4F3C014-E0B2-466E-8D4F-D547C77EF157}.Debug|Win32.ActiveCfg = Debug|Win32
		{A4F3C014-E0B2-466E-8D4F-D547C77EF157}.Debug|Win32.Build.0 = Debug|Win32
		{A4F3C014-E0B2-466E-8D4F-D547C77EF157}.Release|Win32.ActiveCfg = Release|Win32
		{A4F3C014-E0B2-466E-8D4F-D547C77EF157}.Release|Win32.Build.0 = Release|Win32
		{C3DCB2D1-92B4-4AFD-88F8-791444F9A156}.Debug|Win32.ActiveCfg = Debug|Win32
		{C3DCB2D1-92B4-4AFD-88F8-791444F9A156}.Debug|Win32.Build.0 = Debug|Win32
		{C3DCB2D1-92B4-4AFD-88F8-791444F9A156}.Release|Win32.ActiveCfg = Release|Win32
		{C3DCB2D1-92B4-4AFD-88F8-791444F9A156}.Release|Win32.Build.0 = Release|Win32
		{A06643BB-1744-4944-BF1B-93EE6A38BF02}.Debug|Win32.ActiveCfg = Debug|Win32
		{A06643BB-1744-4944-BF1B-93EE6A38BF02}.Debug|Win32.Build.0 = Debug|Win32
		{A06643BB-1744-4944-BF1B-93EE6A38BF02}.Release|Win32.ActiveCfg = Release|Win32
		{A06643BB-1744-4944-BF1B-93EE6A38BF02}.Release|Win32.Build.0 = Release|Win32
		{98E74351-BA83-4648-9A1D-054E0AD8FE71}.Debug|Win32.ActiveCfg = Debug|Win32
		{98E74351-BA83-4648-9A1D-054E0AD8FE71}.Debug|Win32.Build.0 = Debug|Win32
		{98E74351-BA83-4648-9A1D-054E0AD8FE71}.Release|Win32.ActiveCfg = Release|Win32
		{98E74351-BA83-4648-9A1D-054E0AD8FE71}.Release|Win32.Build.0 = Release|Win32
		{F7220E4D-E757-49B4-81E6-6F9141817B36}.Debug|Win32.ActiveCfg = Debug|Win32
		{F7220E4D-E757-49B4-81E6-6F9141817B36}.Debug|Win32.Build.0 = Debug|Win32
		{F7220E4D-E757-49B4-81E6-6F9141817B36}.Release|Win32.ActiveCfg = Release|Win32
		{F7220E4D-E757-49B4-81E6-6F9141817B36}.Release|Win32.Build.0 = Release|Win32
		{E6623FAC-7100-43D4-ADF8-02F65874A144}.Debug|Win32.ActiveCfg = Debug|Win32
		{E6623FAC-7100-43D4-ADF8-02F65874A144}.Debug|Win32.Build.0 = Debug|Win32
		{E6623FAC-7100-43D4-ADF8-02F65874A144}.Release|Win32.ActiveCfg = Release|Win32
		{E6623FAC-7100-43D4-ADF8-02F65874A144}.Release|Win32.Build.0 = Release|Win32
		{4E821A31-2F59-45C7-B29C-6B08161D443D}.Debug|Win32.ActiveCfg = Debug|Win32
		{4E821A31-2F59-45C7-B29C-6B08161D443D}.Debug|Win32.Build.0 = Debug|Win32
		{4E821A31-2F59-45C7-B29C-6B08161D443D}.Release|Win32.ActiveCfg = Release|Win32
		{4E821A31-2F59-45C7-B29C-6B08161D443D}.Release|Win32.Build.0 = Release|Win32
		{740FD8B6-8B4D-4DE4-ABDB-9E6220A15916}.Debug|Win32.ActiveCfg = Debug|Win32
		{740FD8B6-8B4D-4DE4-ABDB-9E6220A15916}.Debug|Win32.Build.0 = Debug|Win32
		{740FD8B6-8B4D-4DE4-ABDB-9E6220A15916}.Release|Win32.ActiveCfg = Release|Win32
		{740FD8B6-8B4D-4DE4-ABDB-9E6220A15916}.Release|Win32.Build.0 = Release|Win32
		{F5C90DBD-B976-48EA-ABD6-F0CFB1E97DEB}.Debug|Win32.ActiveCfg = Debug|Win32
		{F5C90DBD-B976-48EA-ABD6-F0CFB1E97DEB}.Debug|Win32.Build.0 = Debug|Win32
		{F5C90DBD-B976-48EA-ABD6-F0CFB1E97DEB}.Release|Win32.ActiveCfg = Release|Win32
		{F5C90DBD-B976-48EA-ABD6-F0CFB1E97DEB}.Release|Win32.Build.0 = Release|Win32
		{64DA8287-F81B-4830-909A-2DECD60B41B3}.Debug|Win32.ActiveCfg = Debug|Win32
		{64DA8287-F81B-4830-909A-2DECD60B41B3}.Debug|Win32.Build.0 = Debug|Win32
		{64DA8287-F81B-4830-909A-2DECD60B41B3}.Release|Win32.ActiveCfg = Release|Win32
		{64DA8287-F81B-4830-909A-2DECD60B41B3}.Release|Win32.Build.0 = Release|Win32
		{E6620BD8-841C-4242-BDEB-3ED21274E810}.Debug|Win32.ActiveCfg = Debug|Win32
		{E6620BD8-841C-4242-BDEB-3ED21274E810}.Debug|Win32.Build.0 = Debug|Win32
		{E6620BD8-841C-4242-BDEB-3ED21274E810}.Release|Win32.ActiveCfg = Release|Win32
		{E6620BD8-841C-4242-BDEB-3ED21274E810}.Release|Win32.Build.0 = Release|Win32
		{6D787EA0-2240-44F7-8C5C-D186574FE299}.Debug|Win32.ActiveCfg = Debug|Win32
		{6D787EA0-2240-44F7-8C5C-D186574FE299}.Debug|Win32.Build.0 = Debug|Win32
		{6D787EA0-2240-44F7-8C5C-D186574FE299}.Release|Win32.ActiveCfg = Release|Win32
		{6D787EA0-2240-44F7-8C5C-D186574FE299}.Release|Win32.Build.0 = Release|Win32
		{901B2B2F-F5E7-4C0A-88C6-C9F11AB3FD24}.Debug|Win32.ActiveCfg = Debug|Win32
		{901B2B2F-F5E7-4C0A-88C6-C9F11AB3FD24}.Debug|Win32.Build.0 = Debug|Win32
		{901B2B2F-F5E7-4C0A-88C6-C9F11AB3FD24}.Release|Win32.ActiveCfg = Release|Win32
		{901B2B2F-F5E7-4C0A-88C6-C9F11AB3FD24}.Release|Win32.Build.0 = Release|Win32
		{D902791F-6775-447D-937B-BE5E045B82DD}.Debug|Win32.ActiveCfg = Debug|Win32
		{D902791F-6775-447D-937B-BE5E045B82DD}.Debug|Win32.Build.0 = Debug|Win32
		{D902791F-6775-447D-937B-BE5E045B82DD}.Release|Win32.ActiveCfg = Release|Win32
		{D902791F-6775-447D-937B-BE5E045B82DD}.Release|Win32.Build.0 = Release|Win32
		{C220C512-9FA0-44CC-96AE-40A4BDBC529E}.Debug|Win32.ActiveCfg = Debug|Win32
		{C220C512-9FA0-44CC-96AE-40A4BDBC529E}.Debug|Win32.Build.0 = Debug|Win32
		{C220C512-9FA0-44CC-96AE-40A4BDBC529E}.Release|Win32.ActiveCfg = Release|Win32
		{C220C512-9FA0-44CC-96AE-40A4BDBC529E}.Release|Win32.Build.0 = Release|Win32
		{5E99AD34-C1BF-4344-8896-26833537960E}.Debug|Win32.ActiveCfg = Debug|Win32
		{5E99AD34-C1BF-4344-8896-26833537960E}.Debug|Win32.Build.0 = Debug|Win32
		{5E99AD34-C1BF-4344-8896-26833537960E}.Release|Win32.ActiveCfg = Release|Win32
		{5E99AD34-C1BF-4344-8896-26833537960E}.Release|Win32.Build.0 = Release|Win32
		{609AF270-2864-41F6-9B84-2FB83254FF38}.Debug|Win32.ActiveCfg = Debug|Win32
		{609AF270-2864-41F6-9B84-2FB83254FF38}.Debug|Win32.Build.0 = Debug|Win32
		{609AF270-2864-41F6-9B84-2FB83254FF38}.Release|Win32.ActiveCfg = Release|Win32
		{609AF270-2864-41F6-9B84-2FB83254FF38}.Release|Win32.Build.0 = Release|Win32
		{1B40F31F-F382-4255-BC0D-B22438FB783B}.Debug|Win32.ActiveCfg = Debug|Win32
		{1B40F31F-F382-4255-BC0D-B22438FB783B}.Debug|Win32.Build.0 = Debug|Win32
		{1B40F31F-F382-4255-BC0D-B22438FB783B}.Release|Win32.ActiveCfg = Release|Win32
		{1B40F31F-F382-4255-BC0D-B22438FB783B}.Release|Win32.Build.0 = Release|Win32
		{D06B3EF5-C4E7-40B7-8BA7-7414AB9FC225}.Debug|Win32.ActiveCfg = Debug|Win32
		{D06B3EF5-C4E7-40B7-8BA7-7414AB9FC225}.Debug|Win32.Build.0 = Debug|Win32
		{D06B3EF5-C4E7-40B7-8BA7-7414AB9FC225}.Release|Win32.ActiveCfg = Release|Win32
		{D06B3EF5-C4E7-40B7-8BA7-7414AB9FC225}.Release|Win32.Build.0 = Release|Win32
		{B8D4B0CF-35EB-4AB2-AB8D-4E0AAC9FC3DF}.Debug|Win32.ActiveCfg = Debug|Win32
		{B8D4B0CF-35EB-4AB2-AB8D-4E0AAC9FC3DF}.Debug|Win32.Build.0 = Debug|Win32
		{B8D4B0CF-35EB-4AB2-AB8D-4E0AAC9FC3DF}.Release|Win32.ActiveCfg = Release|Win32
		{B8D4B0CF-35EB-4AB2-AB8D-4E0AAC9FC3DF}.Release|Win32.Build.0 = Release|Win32
		{17FFE111-0A2F-4DC9-8F40-2DB3EC6E310C}.Debug|Win32.ActiveCfg = Debug|Win32
		{17FFE111-0A2F-4DC9-8F40-2DB3EC6E310C}.Debug|Win32.Build.0 = Debug|Win32
		{17FFE111-0A2F-4DC9-8F40-2DB3EC6E310C}.Release|Win32.ActiveCfg = Release|Win32
		{17FFE111-0A2F-4DC9-8F40-2DB3EC6E310C}.Release|Win32.Build.0 = Release|Win32
		{7DCC9CD6-F71F-40DF-9E01-DE95420D79E5}.Debug|Win32.ActiveCfg = Debug|Win32
		{7DCC9CD6-F71F-40DF-9E01-DE95420D79E5}.Debug|Win32.Build.0 = Debug|Win32
		{7DCC9CD6-F71F-40DF-9E01-DE95420D79E5}.Release|Win32.ActiveCfg = Release|Win32
		{7DCC9CD6-F71F-40DF-9E01-DE95420D79E5}.Release|Win32.Build.0 = Release|Win32
		{5DBCA463-3FC0-421A-A8B3-89DE720622BF}.Debug|Win32.ActiveCfg = Debug|Win32
		{5DBCA463-3FC0-421A-A8B3-89DE720622BF}.Debug|Win32.Build.0 = Debug|Win32
		{5DBCA463-3FC0-421A-A8B3-89DE720622BF}.Release|Win32.ActiveCfg = Release|Win32
		{5DBCA463-3FC0-421A-A8B3-89DE720622BF}.Release|Win32.Build.0 = Release|Win32
		{1094F4CD-AAC5-4617-BBCE-C3D86D360F7C}.Debug|Win32.ActiveCfg = Debug|Win32
		{1094F4CD-AAC5-4617-BBCE-C3D86D360F7C}.Debug|Win32.Build.0 = Debug|Win32
		{1094F4CD-AAC5-4617-BBCE-C3D86D360F7C}.Release|Win32.ActiveCfg = Release|Win32
		{1094F4CD-AAC5-4617-BBCE-C3D86D360F7C}.Release|Win32.Build.0 = Release|Win32
		{0BC3B398-CC59-427B-AF39-51D04A1272E4}.Debug|Win32.ActiveCfg = Debug|Win32
		{0BC3B398-CC59-427B-AF39-51D04A1272E4}.Debug|Win32.Build.0 = Debug|Win32
		{0BC3B398-CC59-427B-AF39-51D04A1272E4}.Release|Win32.ActiveCfg = Release|Win32
		{0BC3B398-CC59-427B-AF39-51D04A1272E4}.Release|Win32.Build.0 = Release|Win32
		{825D538E-7B1F-4409-801A-5729FC955B4B}.Debug|Win32.ActiveCfg = Debug|Win32
		{825D538E-7B1F-4409-801A-5729FC955B4B}.Debug|Win32.Build.0 = Debug|Win32
		{825D538E-7B1F-4409-801A-5729FC955B4B}.Release|Win32.ActiveCfg = Release|Win32
		{825D538E-7B1F-4409-801A-5729FC955B4B}.Release|Win32.Build.0 = Release|Win32
		{E8FA0055-FF95-4632-8C38-5FA72C08A3B5}.Debug|Win32.ActiveCfg = Debug|Win32
		{E8FA0055-FF95-4632-8C38-5FA72C08A3B5}.Debug|Win32.Build.0 = Debug|Win32
		{E8FA0055-FF95-4632-8C38-5FA72C08A3B5}.Release|Win32.ActiveCfg = Release|Win32
		{E8FA0055-FF95-4632-8C38-5FA72C08A3B5}.Release|Win32.Build.0 = Release|Win32
		{F92C519C-BB83-4AEA-BAD3-1410D63B33DE}.Debug|Win32.ActiveCfg = Debug|Win32
		{F92C519C-BB83-4AEA-BAD3-1410D63B33DE}.Debug|Win32.Build.0 = Debug|Win32
		{F92C519C-BB83-4AEA-BAD3-1410D63B33DE}.Release|Win32.ActiveCfg = Release|Win32
		{F92C519C-BB83-4AEA-BAD3-1410D63B33DE}.Release|Win32.Build.0 = Release|Win32
		{F2175CB6-A66F-47E8-A176-4A32D0AC757C}.Debug|Win32.ActiveCfg = Debug|Win32
		{F2175CB6-A66F-47E8-A176-4A32D0AC757C}.Debug|Win32.Build.0 = Debug|Win32
		{F2175CB6-A66F-47E8-A176-4A32D0AC757C}.Release|Win32.ActiveCfg = Release|Win32
		{F2175CB6-A66F-47E8-A176-4A32D0AC757C}.Release|Win32.Build.0 = Release|Win32
		{C41D2048-0667-4895-8AFF-130D6687F846}.Debug|Win32.ActiveCfg = Debug|Win32
		{C41D2048-0667-4895-8AFF-130D6687F846}.Debug|Win32.Build.0 = Debug|Win32
		{C41D2048-0667-4895-8AFF-130D6687F846}.Release|Win32.ActiveCfg = Release|Win32
		{C41D2048-0667-4895-8AFF-130D6687F846}.Release|Win32.Build.0 = Release|Win32
		{7FC915C9-8D33-48A1-A35A-13FDA68A6A56}.Debug|Win32.ActiveCfg = Debug|Win32
		{7FC915C9-8D33-48A1-A35A-13FDA68A6A56}.Debug|Win32.Build.0 = Debug|Win32
		{7FC915C9-8D33-48A1-A35A-13FDA68A6A56}.Release|Win32.ActiveCfg = Release|Win32
		{7FC915C9-8D33-48A1-A35A-13FDA68A6A56}.Release|Win32.Build.0 = Release|Win32
		{618D1FA0-09C8-47E1-9C1A-F2562CDBB9F3}.Debug|Win32.ActiveCfg = Debug|Win32
		{618D1FA0-09C8-47E1-9C1A-F2562CDBB9F3}.Debug|Win32.Build.0 = Debug|Win32
		{618D1FA0-09C8-47E1-9C1A-F2562CDBB9F3}.Release|Win32.ActiveCfg = Release|Win32
		{618D1FA0-09C8-47E1-9C1A-F2562CDBB9F3}.Release|Win32.Build.0 = Release|Win32
		{997E90B8-C6F7-4611-8F2E-ED5246282B06}.Debug|Win32.ActiveCfg = Debug|Win32
		{997E90B8-C6F7-4611-8F2E-ED5246282B06}.Debug|Win32.Build.0 = Debug|Win32
		{997E90B8-C6F7-4611-8F2E-ED5246282B06}.Release|Win32.ActiveCfg = Release|Win32
		{997E90B8-C6F7-4611-8F2E-ED5246282B06}.Release|Win32.Build.0 = Release|Win32
		{1AC83620-0052-4253-8763-81D64AAC8F0E}.Debug|Win32.ActiveCfg = Debug|Win32
		{1AC83620-0052-4253-8763-81D64AAC8F0E}.Debug|Win32.Build.0 = Debug|Win32
		{1AC83620-0052-4253-8763-81D64AAC8F0E}.Release|Win32.ActiveCfg = Release|Win32
		{1AC83620-0052-4253-8763-81D64AAC8F0E}.Release|Win32.Build.0 = Release|Win32
		{5EC57A5D-AC30-47EC-836D-CD7554467F15}.Debug|Win32.ActiveCfg = Debug|Win32
		{5EC57A5D-AC30-47EC-836D-CD7554467F15}.Debug|Win32.Build.0 = Debug|Win32
		{5EC57A5D-AC30-47EC-836D-CD7554467F15}.Release|Win32.ActiveCfg = Release|Win32
		{5EC57A5D-AC30-47EC-836D-CD7554467F15}.Release|Win32.Build.0 = Release|Win32
		{EA719563-A457-4FBE-A9A7-080924F3E459}.Debug|Win32.ActiveCfg = Debug|Win32
		{EA719563-A457-4FBE-A9A7-080924F3E459}.Debug|Win32.Build.0 = Debug|Win32
		{EA719563-A457-4FBE-A9A7-080924F3E459}.Release|Win32.ActiveCfg = Release|Win32
		{EA719563-A457-4FBE-A9A7-080924F3E459}.Release|Win32.Build.0 = Release|Win32
		{1FF2171F-20D2-462D-A76E-066751B735F7}.Debug|Win32.ActiveCfg = Debug|Win32
		{1FF2171F-20D2-462D-A76E-066751B735F7}.Debug|Win32.Build.0 = Debug|Win32
		{1FF2171F-20D2-462D-A76E-066751B735F7}.Release|Win32.ActiveCfg = Release|Win32
		{1FF2171F-20D2-462D-A76E-066751B735F7}.Release|Win32.Build.0 = Release|Win32
		{B819CFA2-6F29-477D-BF03-72A5DBAF8EB9}.Debug|Win32.ActiveCfg = Debug|Win32
		{B819CFA2-6F29-477D-BF03-72A5DBAF8EB9}.Debug|Win32.Build.0 = Debug|Win32
		{B819CFA2-6F29-477D-BF03-72A5DBAF8EB9}.Release|Win32.ActiveCfg = Release|Win32
		{B819CFA2-6F29-477D-BF03-72A5DBAF8EB9}.Release|Win32.Build.0 = Release|Win32
		{3DE1A056-1004-46C7-8B4C-8F33DC9F8834}.Debug|Win32.ActiveCfg = Debug|Win32
		{3DE1A056-1004-46C7-8B4C-8F33DC9F8834}.Debug|Win32.Build.0 = Debug|Win32
		{3DE1A056-1004-46C7-8B4C-8F33DC9F8834}.Release|Win32.ActiveCfg = Release|Win32
		{3DE1A056-1004-46C7-8B4C-8F33DC9F8834}.Release|Win32.Build.0 = Release|Win32
		{1FE2628B-9516-4232-97A1-36F8B88A2249}.Debug|Win32.ActiveCfg = Debug|Win32
		{1FE2628B-9516-4232-97A1-36F8B88A2249}.Debug|Win32.Build.0 = Debug|Win32
		{1FE2628B-9516-4232-97A1-36F8B88A2249}.Release|Win32.ActiveCfg = Release|Win32
		{1FE2628B-9516-4232-97A1-36F8B88A2249}.Release|Win32.Build.0 = Release|Win32
		{7B98047B-A536-4202-8AC6-DA0224B2DFF5}.Debug|Win32.ActiveCfg = Debug|Win32
		{7B98047B-A536-4202-8AC6-DA0224B2DFF5}.Debug|Win32.Build.0 = Debug|Win32
		{7B98047B-A536-4202-8AC6-DA0224B2DFF5}.Release|Win32.ActiveCfg = Release|Win32
		{7B98047B-A536-4202-8AC6-DA0224B2DFF5}.Release|Win32.Build.0 = Release|Win32
	EndGlobalSection
	GlobalSection(SolutionProperties) = preSolution
		HideSolutionNode = FALSE
	EndGlobalSection
EndGlobal
